
Microsoft Visual Studio Solution File, Format Version 12.00
# Visual Studio Version 17
VisualStudioVersion = 17.6.33723.286
MinimumVisualStudioVersion = 10.0.40219.1
Project("{FAE04EC0-301F-11D3-BF4B-00C04F79EFBC}") = "bank-app", "bank-app\bank-app.csproj", "{2B1EE625-90A1-4402-ACC1-8F713FC4309C}"
EndProject
Global
	GlobalSection(SolutionConfigurationPlatforms) = preSolution
		Debug|Any CPU = Debug|Any CPU
		Release|Any CPU = Release|Any CPU
	EndGlobalSection
	GlobalSection(ProjectConfigurationPlatforms) = postSolution
		{2B1EE625-90A1-4402-ACC1-8F713FC4309C}.Debug|Any CPU.ActiveCfg = Debug|Any CPU
		{2B1EE625-90A1-4402-ACC1-8F713FC4309C}.Debug|Any CPU.Build.0 = Debug|Any CPU
		{2B1EE625-90A1-4402-ACC1-8F713FC4309C}.Release|Any CPU.ActiveCfg = Release|Any CPU
		{2B1EE625-90A1-4402-ACC1-8F713FC4309C}.Release|Any CPU.Build.0 = Release|Any CPU
	EndGlobalSection
	GlobalSection(SolutionProperties) = preSolution
		HideSolutionNode = FALSE
	EndGlobalSection
	GlobalSection(ExtensibilityGlobals) = postSolution
		SolutionGuid = {6944C4FF-47F4-495B-A750-B3DC6439DE3E}
	EndGlobalSection
EndGlobal
